// !$*UTF8*$!
{
	archiveVersion = 1;
	classes = {
	};
	objectVersion = 46;
	objects = {

/* Begin PBXBuildFile section */
		3043B09D1D02C55B00E97B82 /* main.m in Sources */ = {isa = PBXBuildFile; fileRef = 3043B09C1D02C55B00E97B82 /* main.m */; };
		3043B0A01D02C55B00E97B82 /* AppDelegate.m in Sources */ = {isa = PBXBuildFile; fileRef = 3043B09F1D02C55B00E97B82 /* AppDelegate.m */; };
		3043B0A31D02C55B00E97B82 /* ViewController.m in Sources */ = {isa = PBXBuildFile; fileRef = 3043B0A21D02C55B00E97B82 /* ViewController.m */; };
		3043B0A61D02C55B00E97B82 /* Main.storyboard in Resources */ = {isa = PBXBuildFile; fileRef = 3043B0A41D02C55B00E97B82 /* Main.storyboard */; };
		3043B0A81D02C55B00E97B82 /* Assets.xcassets in Resources */ = {isa = PBXBuildFile; fileRef = 3043B0A71D02C55B00E97B82 /* Assets.xcassets */; };
		3043B0AB1D02C55B00E97B82 /* LaunchScreen.storyboard in Resources */ = {isa = PBXBuildFile; fileRef = 3043B0A91D02C55B00E97B82 /* LaunchScreen.storyboard */; };
/* End PBXBuildFile section */

/* Begin PBXFileReference section */
		3043B0981D02C55B00E97B82 /* JLshopios.app */ = {isa = PBXFileReference; explicitFileType = wrapper.application; includeInIndex = 0; path = JLshopios.app; sourceTree = BUILT_PRODUCTS_DIR; };
		3043B09C1D02C55B00E97B82 /* main.m */ = {isa = PBXFileReference; lastKnownFileType = sourcecode.c.objc; path = main.m; sourceTree = "<group>"; };
		3043B09E1D02C55B00E97B82 /* AppDelegate.h */ = {isa = PBXFileReference; lastKnownFileType = sourcecode.c.h; path = AppDelegate.h; sourceTree = "<group>"; };
		3043B09F1D02C55B00E97B82 /* AppDelegate.m */ = {isa = PBXFileReference; lastKnownFileType = sourcecode.c.objc; path = AppDelegate.m; sourceTree = "<group>"; };
		3043B0A11D02C55B00E97B82 /* ViewController.h */ = {isa = PBXFileReference; lastKnownFileType = sourcecode.c.h; path = ViewController.h; sourceTree = "<group>"; };
		3043B0A21D02C55B00E97B82 /* ViewController.m */ = {isa = PBXFileReference; lastKnownFileType = sourcecode.c.objc; path = ViewController.m; sourceTree = "<group>"; };
		3043B0A51D02C55B00E97B82 /* Base */ = {isa = PBXFileReference; lastKnownFileType = file.storyboard; name = Base; path = Base.lproj/Main.storyboard; sourceTree = "<group>"; };
		3043B0A71D02C55B00E97B82 /* Assets.xcassets */ = {isa = PBXFileReference; lastKnownFileType = folder.assetcatalog; path = Assets.xcassets; sourceTree = "<group>"; };
		3043B0AA1D02C55B00E97B82 /* Base */ = {isa = PBXFileReference; lastKnownFileType = file.storyboard; name = Base; path = Base.lproj/LaunchScreen.storyboard; sourceTree = "<group>"; };
		3043B0AC1D02C55B00E97B82 /* Info.plist */ = {isa = PBXFileReference; lastKnownFileType = text.plist.xml; path = Info.plist; sourceTree = "<group>"; };
/* End PBXFileReference section */

/* Begin PBXFrameworksBuildPhase section */
		3043B0951D02C55B00E97B82 /* Frameworks */ = {
			isa = PBXFrameworksBuildPhase;
			buildActionMask = 2147483647;
			files = (
			);
			runOnlyForDeploymentPostprocessing = 0;
		};
/* End PBXFrameworksBuildPhase section */

/* Begin PBXGroup section */
		3043B08F1D02C55B00E97B82 = {
			isa = PBXGroup;
			children = (
				3043B09A1D02C55B00E97B82 /* JLshopios */,
				3043B0991D02C55B00E97B82 /* Products */,
			);
			sourceTree = "<group>";
		};
		3043B0991D02C55B00E97B82 /* Products */ = {
			isa = PBXGroup;
			children = (
				3043B0981D02C55B00E97B82 /* JLshopios.app */,
			);
			name = Products;
			sourceTree = "<group>";
		};
		3043B09A1D02C55B00E97B82 /* JLshopios */ = {
			isa = PBXGroup;
			children = (
				3043B09E1D02C55B00E97B82 /* AppDelegate.h */,
				3043B09F1D02C55B00E97B82 /* AppDelegate.m */,
				3043B0A11D02C55B00E97B82 /* ViewController.h */,
				3043B0A21D02C55B00E97B82 /* ViewController.m */,
				3043B0A41D02C55B00E97B82 /* Main.storyboard */,
				3043B0A71D02C55B00E97B82 /* Assets.xcassets */,
				3043B0A91D02C55B00E97B82 /* LaunchScreen.storyboard */,
				3043B0AC1D02C55B00E97B82 /* Info.plist */,
				3043B09B1D02C55B00E97B82 /* Supporting Files */,
			);
			path = JLshopios;
			sourceTree = "<group>";
		};
		3043B09B1D02C55B00E97B82 /* Supporting Files */ = {
			isa = PBXGroup;
			children = (
				3043B09C1D02C55B00E97B82 /* main.m */,
			);
			name = "Supporting Files";
			sourceTree = "<group>";
		};
/* End PBXGroup section */

/* Begin PBXNativeTarget section */
		3043B0971D02C55B00E97B82 /* JLshopios */ = {
			isa = PBXNativeTarget;
			buildConfigurationList = 3043B0AF1D02C55B00E97B82 /* Build configuration list for PBXNativeTarget "JLshopios" */;
			buildPhases = (
				3043B0941D02C55B00E97B82 /* Sources */,
				3043B0951D02C55B00E97B82 /* Frameworks */,
				3043B0961D02C55B00E97B82 /* Resources */,
			);
			buildRules = (
			);
			dependencies = (
			);
			name = JLshopios;
			productName = JLshopios;
			productReference = 3043B0981D02C55B00E97B82 /* JLshopios.app */;
			productType = "com.apple.product-type.application";
		};
/* End PBXNativeTarget section */

/* Begin PBXProject section */
		3043B0901D02C55B00E97B82 /* Project object */ = {
			isa = PBXProject;
			attributes = {
				LastUpgradeCheck = 0730;
				ORGANIZATIONNAME = feng;
				TargetAttributes = {
					3043B0971D02C55B00E97B82 = {
						CreatedOnToolsVersion = 7.3.1;
						DevelopmentTeam = DEVUC5SK24;
					};
				};
			};
			buildConfigurationList = 3043B0931D02C55B00E97B82 /* Build configuration list for PBXProject "JLshopios" */;
			compatibilityVersion = "Xcode 3.2";
			developmentRegion = English;
			hasScannedForEncodings = 0;
			knownRegions = (
				en,
				Base,
			);
			mainGroup = 3043B08F1D02C55B00E97B82;
			productRefGroup = 3043B0991D02C55B00E97B82 /* Products */;
			projectDirPath = "";
			projectRoot = "";
			targets = (
				3043B0971D02C55B00E97B82 /* JLshopios */,
			);
		};
/* End PBXProject section */

/* Begin PBXResourcesBuildPhase section */
		3043B0961D02C55B00E97B82 /* Resources */ = {
			isa = PBXResourcesBuildPhase;
			buildActionMask = 2147483647;
			files = (
				3043B0AB1D02C55B00E97B82 /* LaunchScreen.storyboard in Resources */,
				3043B0A81D02C55B00E97B82 /* Assets.xcassets in Resources */,
				3043B0A61D02C55B00E97B82 /* Main.storyboard in Resources */,
			);
			runOnlyForDeploymentPostprocessing = 0;
		};
/* End PBXResourcesBuildPhase section */

/* Begin PBXSourcesBuildPhase section */
		3043B0941D02C55B00E97B82 /* Sources */ = {
			isa = PBXSourcesBuildPhase;
			buildActionMask = 2147483647;
			files = (
				3043B0A31D02C55B00E97B82 /* ViewController.m in Sources */,
				3043B0A01D02C55B00E97B82 /* AppDelegate.m in Sources */,
				3043B09D1D02C55B00E97B82 /* main.m in Sources */,
			);
			runOnlyForDeploymentPostprocessing = 0;
		};
/* End PBXSourcesBuildPhase section */

/* Begin PBXVariantGroup section */
		3043B0A41D02C55B00E97B82 /* Main.storyboard */ = {
			isa = PBXVariantGroup;
			children = (
				3043B0A51D02C55B00E97B82 /* Base */,
			);
			name = Main.storyboard;
			sourceTree = "<group>";
		};
		3043B0A91D02C55B00E97B82 /* LaunchScreen.storyboard */ = {
			isa = PBXVariantGroup;
			children = (
				3043B0AA1D02C55B00E97B82 /* Base */,
			);
			name = LaunchScreen.storyboard;
			sourceTree = "<group>";
		};
/* End PBXVariantGroup section */

/* Begin XCBuildConfiguration section */
		3043B0AD1D02C55B00E97B82 /* Debug */ = {
			isa = XCBuildConfiguration;
			buildSettings = {
				ALWAYS_SEARCH_USER_PATHS = NO;
				CLANG_ANALYZER_NONNULL = YES;
				CLANG_CXX_LANGUAGE_STANDARD = "gnu++0x";
				CLANG_CXX_LIBRARY = "libc++";
				CLANG_ENABLE_MODULES = YES;
				CLANG_ENABLE_OBJC_ARC = YES;
				CLANG_WARN_BOOL_CONVERSION = YES;
				CLANG_WARN_CONSTANT_CONVERSION = YES;
				CLANG_WARN_DIRECT_OBJC_ISA_USAGE = YES_ERROR;
				CLANG_WARN_EMPTY_BODY = YES;
				CLANG_WARN_ENUM_CONVERSION = YES;
				CLANG_WARN_INT_CONVERSION = YES;
				CLANG_WARN_OBJC_ROOT_CLASS = YES_ERROR;
				CLANG_WARN_UNREACHABLE_CODE = YES;
				CLANG_WARN__DUPLICATE_METHOD_MATCH = YES;
				"CODE_SIGN_IDENTITY[sdk=iphoneos*]" = "iPhone Developer";
				COPY_PHASE_STRIP = NO;
				DEBUG_INFORMATION_FORMAT = dwarf;
				ENABLE_STRICT_OBJC_MSGSEND = YES;
				ENABLE_TESTABILITY = YES;
				GCC_C_LANGUAGE_STANDARD = gnu99;
				GCC_DYNAMIC_NO_PIC = NO;
				GCC_NO_COMMON_BLOCKS = YES;
				GCC_OPTIMIZATION_LEVEL = 0;
				GCC_PREPROCESSOR_DEFINITIONS = (
					"DEBUG=1",
					"$(inherited)",
				);
				GCC_WARN_64_TO_32_BIT_CONVERSION = YES;
				GCC_WARN_ABOUT_RETURN_TYPE = YES_ERROR;
				GCC_WARN_UNDECLARED_SELECTOR = YES;
				GCC_WARN_UNINITIALIZED_AUTOS = YES_AGGRESSIVE;
				GCC_WARN_UNUSED_FUNCTION = YES;
				GCC_WARN_UNUSED_VARIABLE = YES;
				IPHONEOS_DEPLOYMENT_TARGET = 9.3;
				MTL_ENABLE_DEBUG_INFO = YES;
				ONLY_ACTIVE_ARCH = YES;
				SDKROOT = iphoneos;
				TARGETED_DEVICE_FAMILY = "1,2";
			};
			name = Debug;
		};
		3043B0AE1D02C55B00E97B82 /* Release */ = {
			isa = XCBuildConfiguration;
			buildSettings = {
				ALWAYS_SEARCH_USER_PATHS = NO;
				CLANG_ANALYZER_NONNULL = YES;
				CLANG_CXX_LANGUAGE_STANDARD = "gnu++0x";
				CLANG_CXX_LIBRARY = "libc++";
				CLANG_ENABLE_MODULES = YES;
				CLANG_ENABLE_OBJC_ARC = YES;
				CLANG_WARN_BOOL_CONVERSION = YES;
				CLANG_WARN_CONSTANT_CONVERSION = YES;
				CLANG_WARN_DIRECT_OBJC_ISA_USAGE = YES_ERROR;
				CLANG_WARN_EMPTY_BODY = YES;
				CLANG_WARN_ENUM_CONVERSION = YES;
				CLANG_WARN_INT_CONVERSION = YES;
				CLANG_WARN_OBJC_ROOT_CLASS = YES_ERROR;
				CLANG_WARN_UNREACHABLE_CODE = YES;
				CLANG_WARN__DUPLICATE_METHOD_MATCH = YES;
				"CODE_SIGN_IDENTITY[sdk=iphoneos*]" = "iPhone Developer";
				COPY_PHASE_STRIP = NO;
				DEBUG_INFORMATION_FORMAT = "dwarf-with-dsym";
				ENABLE_NS_ASSERTIONS = NO;
				ENABLE_STRICT_OBJC_MSGSEND = YES;
				GCC_C_LANGUAGE_STANDARD = gnu99;
				GCC_NO_COMMON_BLOCKS = YES;
				GCC_WARN_64_TO_32_BIT_CONVERSION = YES;
				GCC_WARN_ABOUT_RETURN_TYPE = YES_ERROR;
				GCC_WARN_UNDECLARED_SELECTOR = YES;
				GCC_WARN_UNINITIALIZED_AUTOS = YES_AGGRESSIVE;
				GCC_WARN_UNUSED_FUNCTION = YES;
				GCC_WARN_UNUSED_VARIABLE = YES;
				IPHONEOS_DEPLOYMENT_TARGET = 9.3;
				MTL_ENABLE_DEBUG_INFO = NO;
				SDKROOT = iphoneos;
				TARGETED_DEVICE_FAMILY = "1,2";
				VALIDATE_PRODUCT = YES;
			};
			name = Release;
		};
		3043B0B01D02C55B00E97B82 /* Debug */ = {
			isa = XCBuildConfiguration;
			buildSettings = {
				ASSETCATALOG_COMPILER_APPICON_NAME = AppIcon;
				INFOPLIST_FILE = JLshopios/Info.plist;
				LD_RUNPATH_SEARCH_PATHS = "$(inherited) @executable_path/Frameworks";
				PRODUCT_BUNDLE_IDENTIFIER = jl.JLshopios;
				PRODUCT_NAME = "$(TARGET_NAME)";
			};
			name = Debug;
		};
		3043B0B11D02C55B00E97B82 /* Release */ = {
			isa = XCBuildConfiguration;
			buildSettings = {
				ASSETCATALOG_COMPILER_APPICON_NAME = AppIcon;
				INFOPLIST_FILE = JLshopios/Info.plist;
				LD_RUNPATH_SEARCH_PATHS = "$(inherited) @executable_path/Frameworks";
				PRODUCT_BUNDLE_IDENTIFIER = jl.JLshopios;
				PRODUCT_NAME = "$(TARGET_NAME)";
			};
			name = Release;
		};
/* End XCBuildConfiguration section */

/* Begin XCConfigurationList section */
		3043B0931D02C55B00E97B82 /* Build configuration list for PBXProject "JLshopios" */ = {
			isa = XCConfigurationList;
			buildConfigurations = (
				3043B0AD1D02C55B00E97B82 /* Debug */,
				3043B0AE1D02C55B00E97B82 /* Release */,
			);
			defaultConfigurationIsVisible = 0;
			defaultConfigurationName = Release;
		};
		3043B0AF1D02C55B00E97B82 /* Build configuration list for PBXNativeTarget "JLshopios" */ = {
			isa = XCConfigurationList;
			buildConfigurations = (
				3043B0B01D02C55B00E97B82 /* Debug */,
				3043B0B11D02C55B00E97B82 /* Release */,
			);
			defaultConfigurationIsVisible = 0;
		};
/* End XCConfigurationList section */
	};
	rootObject = 3043B0901D02C55B00E97B82 /* Project object */;
}
